{
  "pins" : [
    {
      "identity" : "azvideoplayer",
      "kind" : "remoteSourceControl",
      "location" : "https://github.com/adamzarn/AZVideoPlayer",
      "state" : {
        "revision" : "e2dde8754ee34706cc69fa640cde85506e239742",
        "version" : "1.0.0"
      }
    },
    {
      "identity" : "keychain.swift",
      "kind" : "remoteSourceControl",
      "location" : "https://github.com/GroupeMINASTE/Keychain.swift",
      "state" : {
        "revision" : "d4b6bd007fd8432a59d341faa22ec0cd738d2d9d",
        "version" : "1.0.5"
      }
    }
  ],
  "version" : 2
}
